
Microsoft Visual Studio Solution File, Format Version 12.00
# Visual Studio Version 16
VisualStudioVersion = 16.0.808.4
MinimumVisualStudioVersion = 10.0.40219.1
Project("{FAE04EC0-301F-11D3-BF4B-00C04F79EFBC}") = "ClassMetotDemo", "ClassMetotDemo\ClassMetotDemo.csproj", "{38CFFCE7-E504-4E52-858F-F57496445BCF}"
EndProject
Global
	GlobalSection(SolutionConfigurationPlatforms) = preSolution
		Debug|anycpu = Debug|anycpu
		Release|anycpu = Release|anycpu
	EndGlobalSection
	GlobalSection(ProjectConfigurationPlatforms) = postSolution
		{38CFFCE7-E504-4E52-858F-F57496445BCF}.Debug|anycpu.ActiveCfg = Debug|anycpu
		{38CFFCE7-E504-4E52-858F-F57496445BCF}.Debug|anycpu.Build.0 = Debug|anycpu
		{38CFFCE7-E504-4E52-858F-F57496445BCF}.Release|anycpu.ActiveCfg = Release|anycpu
		{38CFFCE7-E504-4E52-858F-F57496445BCF}.Release|anycpu.Build.0 = Release|anycpu
	EndGlobalSection
	GlobalSection(SolutionProperties) = preSolution
		HideSolutionNode = FALSE
	EndGlobalSection
	GlobalSection(ExtensibilityGlobals) = postSolution
		SolutionGuid = {FF0C7411-929F-410B-806D-CF26E8D666E5}
	EndGlobalSection
EndGlobal
