
Microsoft Visual Studio Solution File, Format Version 12.00
# Visual Studio Version 16
VisualStudioVersion = 16.0.808.4
MinimumVisualStudioVersion = 10.0.40219.1
Project("{FAE04EC0-301F-11D3-BF4B-00C04F79EFBC}") = "Homeworks", "Homeworks\Homeworks.csproj", "{C04B1125-A297-41E1-BF4B-214441E2AE73}"
EndProject
Global
	GlobalSection(SolutionConfigurationPlatforms) = preSolution
		Debug|anycpu = Debug|anycpu
		Release|anycpu = Release|anycpu
	EndGlobalSection
	GlobalSection(ProjectConfigurationPlatforms) = postSolution
		{C04B1125-A297-41E1-BF4B-214441E2AE73}.Debug|anycpu.ActiveCfg = Debug|anycpu
		{C04B1125-A297-41E1-BF4B-214441E2AE73}.Debug|anycpu.Build.0 = Debug|anycpu
		{C04B1125-A297-41E1-BF4B-214441E2AE73}.Release|anycpu.ActiveCfg = Release|anycpu
		{C04B1125-A297-41E1-BF4B-214441E2AE73}.Release|anycpu.Build.0 = Release|anycpu
	EndGlobalSection
	GlobalSection(SolutionProperties) = preSolution
		HideSolutionNode = FALSE
	EndGlobalSection
	GlobalSection(ExtensibilityGlobals) = postSolution
		SolutionGuid = {DDE3FD7E-22FA-409C-A145-ADEA35CAB02E}
	EndGlobalSection
EndGlobal
